
Microsoft Visual Studio Solution File, Format Version 12.00
# Visual Studio Version 16
VisualStudioVersion = 16.0.30320.27
MinimumVisualStudioVersion = 10.0.40219.1
Project("{FAE04EC0-301F-11D3-BF4B-00C04F79EFBC}") = "Seun's Bank", "Seun's Bank.csproj", "{23BBEA18-0E4E-407A-A164-141B09DAD320}"
EndProject
Global
	GlobalSection(SolutionConfigurationPlatforms) = preSolution
		Debug|Any CPU = Debug|Any CPU
		Release|Any CPU = Release|Any CPU
	EndGlobalSection
	GlobalSection(ProjectConfigurationPlatforms) = postSolution
		{23BBEA18-0E4E-407A-A164-141B09DAD320}.Debug|Any CPU.ActiveCfg = Debug|Any CPU
		{23BBEA18-0E4E-407A-A164-141B09DAD320}.Debug|Any CPU.Build.0 = Debug|Any CPU
		{23BBEA18-0E4E-407A-A164-141B09DAD320}.Release|Any CPU.ActiveCfg = Release|Any CPU
		{23BBEA18-0E4E-407A-A164-141B09DAD320}.Release|Any CPU.Build.0 = Release|Any CPU
	EndGlobalSection
	GlobalSection(SolutionProperties) = preSolution
		HideSolutionNode = FALSE
	EndGlobalSection
	GlobalSection(ExtensibilityGlobals) = postSolution
		SolutionGuid = {CE8A4DBF-7617-478F-A69E-14FDD4DEFE6C}
	EndGlobalSection
EndGlobal
